// !$*UTF8*$!
{
	archiveVersion = 1;
	classes = {
	};
	objectVersion = 56;
	objects = {

/* Begin PBXBuildFile section */
		121F22D3297DE5FE001AB65C /* Models.swift in Sources */ = {isa = PBXBuildFile; fileRef = 121F22D2297DE5FE001AB65C /* Models.swift */; };
		121F22D5297DE83E001AB65C /* ProfieEditionScreen.swift in Sources */ = {isa = PBXBuildFile; fileRef = 121F22D4297DE83E001AB65C /* ProfieEditionScreen.swift */; };
		12CD42E0297DF4A5008F1847 /* SkillDetailsScreen.swift in Sources */ = {isa = PBXBuildFile; fileRef = 12CD42DF297DF4A5008F1847 /* SkillDetailsScreen.swift */; };
		12E905A8297D47A400BBF1A1 /* ProgresoApp.swift in Sources */ = {isa = PBXBuildFile; fileRef = 12E905A7297D47A400BBF1A1 /* ProgresoApp.swift */; };
		12E905AA297D47A400BBF1A1 /* ContentView.swift in Sources */ = {isa = PBXBuildFile; fileRef = 12E905A9297D47A400BBF1A1 /* ContentView.swift */; };
		12E905AC297D47A500BBF1A1 /* Assets.xcassets in Resources */ = {isa = PBXBuildFile; fileRef = 12E905AB297D47A500BBF1A1 /* Assets.xcassets */; };
		12E905AF297D47A500BBF1A1 /* Preview Assets.xcassets in Resources */ = {isa = PBXBuildFile; fileRef = 12E905AE297D47A500BBF1A1 /* Preview Assets.xcassets */; };
		12E905B7297D47F700BBF1A1 /* DashboardScreen.swift in Sources */ = {isa = PBXBuildFile; fileRef = 12E905B6297D47F700BBF1A1 /* DashboardScreen.swift */; };
		12E905B9297D480600BBF1A1 /* ProfileScreen.swift in Sources */ = {isa = PBXBuildFile; fileRef = 12E905B8297D480600BBF1A1 /* ProfileScreen.swift */; };
		12E905BB297D481500BBF1A1 /* SkillsScreen.swift in Sources */ = {isa = PBXBuildFile; fileRef = 12E905BA297D481500BBF1A1 /* SkillsScreen.swift */; };
/* End PBXBuildFile section */

/* Begin PBXFileReference section */
		121F22D2297DE5FE001AB65C /* Models.swift */ = {isa = PBXFileReference; lastKnownFileType = sourcecode.swift; path = Models.swift; sourceTree = "<group>"; };
		121F22D4297DE83E001AB65C /* ProfieEditionScreen.swift */ = {isa = PBXFileReference; lastKnownFileType = sourcecode.swift; path = ProfieEditionScreen.swift; sourceTree = "<group>"; };
		12CD42DF297DF4A5008F1847 /* SkillDetailsScreen.swift */ = {isa = PBXFileReference; lastKnownFileType = sourcecode.swift; path = SkillDetailsScreen.swift; sourceTree = "<group>"; };
		12E905A4297D47A400BBF1A1 /* Progreso.app */ = {isa = PBXFileReference; explicitFileType = wrapper.application; includeInIndex = 0; path = Progreso.app; sourceTree = BUILT_PRODUCTS_DIR; };
		12E905A7297D47A400BBF1A1 /* ProgresoApp.swift */ = {isa = PBXFileReference; lastKnownFileType = sourcecode.swift; path = ProgresoApp.swift; sourceTree = "<group>"; };
		12E905A9297D47A400BBF1A1 /* ContentView.swift */ = {isa = PBXFileReference; lastKnownFileType = sourcecode.swift; path = ContentView.swift; sourceTree = "<group>"; };
		12E905AB297D47A500BBF1A1 /* Assets.xcassets */ = {isa = PBXFileReference; lastKnownFileType = folder.assetcatalog; path = Assets.xcassets; sourceTree = "<group>"; };
		12E905AE297D47A500BBF1A1 /* Preview Assets.xcassets */ = {isa = PBXFileReference; lastKnownFileType = folder.assetcatalog; path = "Preview Assets.xcassets"; sourceTree = "<group>"; };
		12E905B6297D47F700BBF1A1 /* DashboardScreen.swift */ = {isa = PBXFileReference; lastKnownFileType = sourcecode.swift; path = DashboardScreen.swift; sourceTree = "<group>"; };
		12E905B8297D480600BBF1A1 /* ProfileScreen.swift */ = {isa = PBXFileReference; lastKnownFileType = sourcecode.swift; path = ProfileScreen.swift; sourceTree = "<group>"; };
		12E905BA297D481500BBF1A1 /* SkillsScreen.swift */ = {isa = PBXFileReference; lastKnownFileType = sourcecode.swift; path = SkillsScreen.swift; sourceTree = "<group>"; };
/* End PBXFileReference section */

/* Begin PBXFrameworksBuildPhase section */
		12E905A1297D47A400BBF1A1 /* Frameworks */ = {
			isa = PBXFrameworksBuildPhase;
			buildActionMask = 2147483647;
			files = (
			);
			runOnlyForDeploymentPostprocessing = 0;
		};
/* End PBXFrameworksBuildPhase section */

/* Begin PBXGroup section */
		121F22D1297DE5EF001AB65C /* models */ = {
			isa = PBXGroup;
			children = (
				121F22D2297DE5FE001AB65C /* Models.swift */,
			);
			path = models;
			sourceTree = "<group>";
		};
		12E9059B297D47A400BBF1A1 = {
			isa = PBXGroup;
			children = (
				12E905A6297D47A400BBF1A1 /* Progreso */,
				12E905A5297D47A400BBF1A1 /* Products */,
			);
			sourceTree = "<group>";
		};
		12E905A5297D47A400BBF1A1 /* Products */ = {
			isa = PBXGroup;
			children = (
				12E905A4297D47A400BBF1A1 /* Progreso.app */,
			);
			name = Products;
			sourceTree = "<group>";
		};
		12E905A6297D47A400BBF1A1 /* Progreso */ = {
			isa = PBXGroup;
			children = (
				121F22D1297DE5EF001AB65C /* models */,
				12E905B5297D47D700BBF1A1 /* screens */,
				12E905A7297D47A400BBF1A1 /* ProgresoApp.swift */,
				12E905A9297D47A400BBF1A1 /* ContentView.swift */,
				12E905AB297D47A500BBF1A1 /* Assets.xcassets */,
				12E905AD297D47A500BBF1A1 /* Preview Content */,
			);
			path = Progreso;
			sourceTree = "<group>";
		};
		12E905AD297D47A500BBF1A1 /* Preview Content */ = {
			isa = PBXGroup;
			children = (
				12E905AE297D47A500BBF1A1 /* Preview Assets.xcassets */,
			);
			path = "Preview Content";
			sourceTree = "<group>";
		};
		12E905B5297D47D700BBF1A1 /* screens */ = {
			isa = PBXGroup;
			children = (
				12E905B6297D47F700BBF1A1 /* DashboardScreen.swift */,
				12E905B8297D480600BBF1A1 /* ProfileScreen.swift */,
				12E905BA297D481500BBF1A1 /* SkillsScreen.swift */,
				121F22D4297DE83E001AB65C /* ProfieEditionScreen.swift */,
				12CD42DF297DF4A5008F1847 /* SkillDetailsScreen.swift */,
			);
			path = screens;
			sourceTree = "<group>";
		};
/* End PBXGroup section */

/* Begin PBXNativeTarget section */
		12E905A3297D47A400BBF1A1 /* Progreso */ = {
			isa = PBXNativeTarget;
			buildConfigurationList = 12E905B2297D47A500BBF1A1 /* Build configuration list for PBXNativeTarget "Progreso" */;
			buildPhases = (
				12E905A0297D47A400BBF1A1 /* Sources */,
				12E905A1297D47A400BBF1A1 /* Frameworks */,
				12E905A2297D47A400BBF1A1 /* Resources */,
			);
			buildRules = (
			);
			dependencies = (
			);
			name = Progreso;
			productName = Progreso;
			productReference = 12E905A4297D47A400BBF1A1 /* Progreso.app */;
			productType = "com.apple.product-type.application";
		};
/* End PBXNativeTarget section */

/* Begin PBXProject section */
		12E9059C297D47A400BBF1A1 /* Project object */ = {
			isa = PBXProject;
			attributes = {
				BuildIndependentTargetsInParallel = 1;
				LastSwiftUpdateCheck = 1400;
				LastUpgradeCheck = 1400;
				TargetAttributes = {
					12E905A3297D47A400BBF1A1 = {
						CreatedOnToolsVersion = 14.0.1;
					};
				};
			};
			buildConfigurationList = 12E9059F297D47A400BBF1A1 /* Build configuration list for PBXProject "Progreso" */;
			compatibilityVersion = "Xcode 14.0";
			developmentRegion = en;
			hasScannedForEncodings = 0;
			knownRegions = (
				en,
				Base,
			);
			mainGroup = 12E9059B297D47A400BBF1A1;
			productRefGroup = 12E905A5297D47A400BBF1A1 /* Products */;
			projectDirPath = "";
			projectRoot = "";
			targets = (
				12E905A3297D47A400BBF1A1 /* Progreso */,
			);
		};
/* End PBXProject section */

/* Begin PBXResourcesBuildPhase section */
		12E905A2297D47A400BBF1A1 /* Resources */ = {
			isa = PBXResourcesBuildPhase;
			buildActionMask = 2147483647;
			files = (
				12E905AF297D47A500BBF1A1 /* Preview Assets.xcassets in Resources */,
				12E905AC297D47A500BBF1A1 /* Assets.xcassets in Resources */,
			);
			runOnlyForDeploymentPostprocessing = 0;
		};
/* End PBXResourcesBuildPhase section */

/* Begin PBXSourcesBuildPhase section */
		12E905A0297D47A400BBF1A1 /* Sources */ = {
			isa = PBXSourcesBuildPhase;
			buildActionMask = 2147483647;
			files = (
				12CD42E0297DF4A5008F1847 /* SkillDetailsScreen.swift in Sources */,
				12E905BB297D481500BBF1A1 /* SkillsScreen.swift in Sources */,
				12E905AA297D47A400BBF1A1 /* ContentView.swift in Sources */,
				12E905A8297D47A400BBF1A1 /* ProgresoApp.swift in Sources */,
				121F22D3297DE5FE001AB65C /* Models.swift in Sources */,
				12E905B7297D47F700BBF1A1 /* DashboardScreen.swift in Sources */,
				12E905B9297D480600BBF1A1 /* ProfileScreen.swift in Sources */,
				121F22D5297DE83E001AB65C /* ProfieEditionScreen.swift in Sources */,
			);
			runOnlyForDeploymentPostprocessing = 0;
		};
/* End PBXSourcesBuildPhase section */

/* Begin XCBuildConfiguration section */
		12E905B0297D47A500BBF1A1 /* Debug */ = {
			isa = XCBuildConfiguration;
			buildSettings = {
				ALWAYS_SEARCH_USER_PATHS = NO;
				CLANG_ANALYZER_NONNULL = YES;
				CLANG_ANALYZER_NUMBER_OBJECT_CONVERSION = YES_AGGRESSIVE;
				CLANG_CXX_LANGUAGE_STANDARD = "gnu++20";
				CLANG_ENABLE_MODULES = YES;
				CLANG_ENABLE_OBJC_ARC = YES;
				CLANG_ENABLE_OBJC_WEAK = YES;
				CLANG_WARN_BLOCK_CAPTURE_AUTORELEASING = YES;
				CLANG_WARN_BOOL_CONVERSION = YES;
				CLANG_WARN_COMMA = YES;
				CLANG_WARN_CONSTANT_CONVERSION = YES;
				CLANG_WARN_DEPRECATED_OBJC_IMPLEMENTATIONS = YES;
				CLANG_WARN_DIRECT_OBJC_ISA_USAGE = YES_ERROR;
				CLANG_WARN_DOCUMENTATION_COMMENTS = YES;
				CLANG_WARN_EMPTY_BODY = YES;
				CLANG_WARN_ENUM_CONVERSION = YES;
				CLANG_WARN_INFINITE_RECURSION = YES;
				CLANG_WARN_INT_CONVERSION = YES;
				CLANG_WARN_NON_LITERAL_NULL_CONVERSION = YES;
				CLANG_WARN_OBJC_IMPLICIT_RETAIN_SELF = YES;
				CLANG_WARN_OBJC_LITERAL_CONVERSION = YES;
				CLANG_WARN_OBJC_ROOT_CLASS = YES_ERROR;
				CLANG_WARN_QUOTED_INCLUDE_IN_FRAMEWORK_HEADER = YES;
				CLANG_WARN_RANGE_LOOP_ANALYSIS = YES;
				CLANG_WARN_STRICT_PROTOTYPES = YES;
				CLANG_WARN_SUSPICIOUS_MOVE = YES;
				CLANG_WARN_UNGUARDED_AVAILABILITY = YES_AGGRESSIVE;
				CLANG_WARN_UNREACHABLE_CODE = YES;
				CLANG_WARN__DUPLICATE_METHOD_MATCH = YES;
				COPY_PHASE_STRIP = NO;
				DEBUG_INFORMATION_FORMAT = dwarf;
				ENABLE_STRICT_OBJC_MSGSEND = YES;
				ENABLE_TESTABILITY = YES;
				GCC_C_LANGUAGE_STANDARD = gnu11;
				GCC_DYNAMIC_NO_PIC = NO;
				GCC_NO_COMMON_BLOCKS = YES;
				GCC_OPTIMIZATION_LEVEL = 0;
				GCC_PREPROCESSOR_DEFINITIONS = (
					"DEBUG=1",
					"$(inherited)",
				);
				GCC_WARN_64_TO_32_BIT_CONVERSION = YES;
				GCC_WARN_ABOUT_RETURN_TYPE = YES_ERROR;
				GCC_WARN_UNDECLARED_SELECTOR = YES;
				GCC_WARN_UNINITIALIZED_AUTOS = YES_AGGRESSIVE;
				GCC_WARN_UNUSED_FUNCTION = YES;
				GCC_WARN_UNUSED_VARIABLE = YES;
				IPHONEOS_DEPLOYMENT_TARGET = 16.0;
				MTL_ENABLE_DEBUG_INFO = INCLUDE_SOURCE;
				MTL_FAST_MATH = YES;
				ONLY_ACTIVE_ARCH = YES;
				SDKROOT = iphoneos;
				SWIFT_ACTIVE_COMPILATION_CONDITIONS = DEBUG;
				SWIFT_OPTIMIZATION_LEVEL = "-Onone";
			};
			name = Debug;
		};
		12E905B1297D47A500BBF1A1 /* Release */ = {
			isa = XCBuildConfiguration;
			buildSettings = {
				ALWAYS_SEARCH_USER_PATHS = NO;
				CLANG_ANALYZER_NONNULL = YES;
				CLANG_ANALYZER_NUMBER_OBJECT_CONVERSION = YES_AGGRESSIVE;
				CLANG_CXX_LANGUAGE_STANDARD = "gnu++20";
				CLANG_ENABLE_MODULES = YES;
				CLANG_ENABLE_OBJC_ARC = YES;
				CLANG_ENABLE_OBJC_WEAK = YES;
				CLANG_WARN_BLOCK_CAPTURE_AUTORELEASING = YES;
				CLANG_WARN_BOOL_CONVERSION = YES;
				CLANG_WARN_COMMA = YES;
				CLANG_WARN_CONSTANT_CONVERSION = YES;
				CLANG_WARN_DEPRECATED_OBJC_IMPLEMENTATIONS = YES;
				CLANG_WARN_DIRECT_OBJC_ISA_USAGE = YES_ERROR;
				CLANG_WARN_DOCUMENTATION_COMMENTS = YES;
				CLANG_WARN_EMPTY_BODY = YES;
				CLANG_WARN_ENUM_CONVERSION = YES;
				CLANG_WARN_INFINITE_RECURSION = YES;
				CLANG_WARN_INT_CONVERSION = YES;
				CLANG_WARN_NON_LITERAL_NULL_CONVERSION = YES;
				CLANG_WARN_OBJC_IMPLICIT_RETAIN_SELF = YES;
				CLANG_WARN_OBJC_LITERAL_CONVERSION = YES;
				CLANG_WARN_OBJC_ROOT_CLASS = YES_ERROR;
				CLANG_WARN_QUOTED_INCLUDE_IN_FRAMEWORK_HEADER = YES;
				CLANG_WARN_RANGE_LOOP_ANALYSIS = YES;
				CLANG_WARN_STRICT_PROTOTYPES = YES;
				CLANG_WARN_SUSPICIOUS_MOVE = YES;
				CLANG_WARN_UNGUARDED_AVAILABILITY = YES_AGGRESSIVE;
				CLANG_WARN_UNREACHABLE_CODE = YES;
				CLANG_WARN__DUPLICATE_METHOD_MATCH = YES;
				COPY_PHASE_STRIP = NO;
				DEBUG_INFORMATION_FORMAT = "dwarf-with-dsym";
				ENABLE_NS_ASSERTIONS = NO;
				ENABLE_STRICT_OBJC_MSGSEND = YES;
				GCC_C_LANGUAGE_STANDARD = gnu11;
				GCC_NO_COMMON_BLOCKS = YES;
				GCC_WARN_64_TO_32_BIT_CONVERSION = YES;
				GCC_WARN_ABOUT_RETURN_TYPE = YES_ERROR;
				GCC_WARN_UNDECLARED_SELECTOR = YES;
				GCC_WARN_UNINITIALIZED_AUTOS = YES_AGGRESSIVE;
				GCC_WARN_UNUSED_FUNCTION = YES;
				GCC_WARN_UNUSED_VARIABLE = YES;
				IPHONEOS_DEPLOYMENT_TARGET = 16.0;
				MTL_ENABLE_DEBUG_INFO = NO;
				MTL_FAST_MATH = YES;
				SDKROOT = iphoneos;
				SWIFT_COMPILATION_MODE = wholemodule;
				SWIFT_OPTIMIZATION_LEVEL = "-O";
				VALIDATE_PRODUCT = YES;
			};
			name = Release;
		};
		12E905B3297D47A500BBF1A1 /* Debug */ = {
			isa = XCBuildConfiguration;
			buildSettings = {
				ASSETCATALOG_COMPILER_APPICON_NAME = AppIcon;
				ASSETCATALOG_COMPILER_GLOBAL_ACCENT_COLOR_NAME = AccentColor;
				CODE_SIGN_STYLE = Automatic;
				CURRENT_PROJECT_VERSION = 1;
				DEVELOPMENT_ASSET_PATHS = "\"Progreso/Preview Content\"";
				DEVELOPMENT_TEAM = 4CD53PWFSV;
				ENABLE_PREVIEWS = YES;
				GENERATE_INFOPLIST_FILE = YES;
				INFOPLIST_KEY_UIApplicationSceneManifest_Generation = YES;
				INFOPLIST_KEY_UIApplicationSupportsIndirectInputEvents = YES;
				INFOPLIST_KEY_UILaunchScreen_Generation = YES;
				INFOPLIST_KEY_UISupportedInterfaceOrientations_iPad = "UIInterfaceOrientationPortrait UIInterfaceOrientationPortraitUpsideDown UIInterfaceOrientationLandscapeLeft UIInterfaceOrientationLandscapeRight";
				INFOPLIST_KEY_UISupportedInterfaceOrientations_iPhone = "UIInterfaceOrientationPortrait UIInterfaceOrientationLandscapeLeft UIInterfaceOrientationLandscapeRight";
				LD_RUNPATH_SEARCH_PATHS = (
					"$(inherited)",
					"@executable_path/Frameworks",
				);
				MARKETING_VERSION = 1.0;
				PRODUCT_BUNDLE_IDENTIFIER = com.mycompany.Progreso;
				PRODUCT_NAME = "$(TARGET_NAME)";
				SWIFT_EMIT_LOC_STRINGS = YES;
				SWIFT_VERSION = 5.0;
				TARGETED_DEVICE_FAMILY = "1,2";
			};
			name = Debug;
		};
		12E905B4297D47A500BBF1A1 /* Release */ = {
			isa = XCBuildConfiguration;
			buildSettings = {
				ASSETCATALOG_COMPILER_APPICON_NAME = AppIcon;
				ASSETCATALOG_COMPILER_GLOBAL_ACCENT_COLOR_NAME = AccentColor;
				CODE_SIGN_STYLE = Automatic;
				CURRENT_PROJECT_VERSION = 1;
				DEVELOPMENT_ASSET_PATHS = "\"Progreso/Preview Content\"";
				DEVELOPMENT_TEAM = 4CD53PWFSV;
				ENABLE_PREVIEWS = YES;
				GENERATE_INFOPLIST_FILE = YES;
				INFOPLIST_KEY_UIApplicationSceneManifest_Generation = YES;
				INFOPLIST_KEY_UIApplicationSupportsIndirectInputEvents = YES;
				INFOPLIST_KEY_UILaunchScreen_Generation = YES;
				INFOPLIST_KEY_UISupportedInterfaceOrientations_iPad = "UIInterfaceOrientationPortrait UIInterfaceOrientationPortraitUpsideDown UIInterfaceOrientationLandscapeLeft UIInterfaceOrientationLandscapeRight";
				INFOPLIST_KEY_UISupportedInterfaceOrientations_iPhone = "UIInterfaceOrientationPortrait UIInterfaceOrientationLandscapeLeft UIInterfaceOrientationLandscapeRight";
				LD_RUNPATH_SEARCH_PATHS = (
					"$(inherited)",
					"@executable_path/Frameworks",
				);
				MARKETING_VERSION = 1.0;
				PRODUCT_BUNDLE_IDENTIFIER = com.mycompany.Progreso;
				PRODUCT_NAME = "$(TARGET_NAME)";
				SWIFT_EMIT_LOC_STRINGS = YES;
				SWIFT_VERSION = 5.0;
				TARGETED_DEVICE_FAMILY = "1,2";
			};
			name = Release;
		};
/* End XCBuildConfiguration section */

/* Begin XCConfigurationList section */
		12E9059F297D47A400BBF1A1 /* Build configuration list for PBXProject "Progreso" */ = {
			isa = XCConfigurationList;
			buildConfigurations = (
				12E905B0297D47A500BBF1A1 /* Debug */,
				12E905B1297D47A500BBF1A1 /* Release */,
			);
			defaultConfigurationIsVisible = 0;
			defaultConfigurationName = Release;
		};
		12E905B2297D47A500BBF1A1 /* Build configuration list for PBXNativeTarget "Progreso" */ = {
			isa = XCConfigurationList;
			buildConfigurations = (
				12E905B3297D47A500BBF1A1 /* Debug */,
				12E905B4297D47A500BBF1A1 /* Release */,
			);
			defaultConfigurationIsVisible = 0;
			defaultConfigurationName = Release;
		};
/* End XCConfigurationList section */
	};
	rootObject = 12E9059C297D47A400BBF1A1 /* Project object */;
}
